
Microsoft Visual Studio Solution File, Format Version 12.00
# Visual Studio 15
VisualStudioVersion = 15.0.27703.2047
MinimumVisualStudioVersion = 10.0.40219.1
Project("{FAE04EC0-301F-11D3-BF4B-00C04F79EFBC}") = "WebApplication1", "WebApplication1\WebApplication1.csproj", "{B1BB3CFD-9DFF-4B04-99B7-A2F45753622D}"
EndProject
Global
	GlobalSection(SolutionConfigurationPlatforms) = preSolution
		Debug|Any CPU = Debug|Any CPU
		Release|Any CPU = Release|Any CPU
	EndGlobalSection
	GlobalSection(ProjectConfigurationPlatforms) = postSolution
		{B1BB3CFD-9DFF-4B04-99B7-A2F45753622D}.Debug|Any CPU.ActiveCfg = Debug|Any CPU
		{B1BB3CFD-9DFF-4B04-99B7-A2F45753622D}.Debug|Any CPU.Build.0 = Debug|Any CPU
		{B1BB3CFD-9DFF-4B04-99B7-A2F45753622D}.Release|Any CPU.ActiveCfg = Release|Any CPU
		{B1BB3CFD-9DFF-4B04-99B7-A2F45753622D}.Release|Any CPU.Build.0 = Release|Any CPU
	EndGlobalSection
	GlobalSection(SolutionProperties) = preSolution
		HideSolutionNode = FALSE
	EndGlobalSection
	GlobalSection(ExtensibilityGlobals) = postSolution
		SolutionGuid = {1C2ECD0D-4F5A-4B67-91BF-BF6DE0395990}
	EndGlobalSection
EndGlobal
